
Microsoft Visual Studio Solution File, Format Version 12.00
# Visual Studio 2013
VisualStudioVersion = 12.0.20827.3
MinimumVisualStudioVersion = 10.0.40219.1
Project("{F088123C-0E9E-452A-89E6-6BA2F21D5CAC}") = "ModelingProject1", "ModelingProject1\ModelingProject1.modelproj", "{E2AE69CF-315D-41F2-A312-2568C2576D9A}"
EndProject
Project("{FAE04EC0-301F-11D3-BF4B-00C04F79EFBC}") = "ClassLibrary1", "ClassLibrary1\ClassLibrary1.csproj", "{61F6BC46-38BC-4A57-AF03-7EB0EB8790FA}"
EndProject
Project("{FAE04EC0-301F-11D3-BF4B-00C04F79EFBC}") = "ModelingProject1Lib", "ModelingProject1Lib\ModelingProject1Lib.csproj", "{DEDBF727-3932-453F-8A7A-9962E585A4F2}"
EndProject
Global
	GlobalSection(SolutionConfigurationPlatforms) = preSolution
		Debug|Any CPU = Debug|Any CPU
		Release|Any CPU = Release|Any CPU
	EndGlobalSection
	GlobalSection(ProjectConfigurationPlatforms) = postSolution
		{E2AE69CF-315D-41F2-A312-2568C2576D9A}.Debug|Any CPU.ActiveCfg = Debug|Any CPU
		{E2AE69CF-315D-41F2-A312-2568C2576D9A}.Debug|Any CPU.Build.0 = Debug|Any CPU
		{E2AE69CF-315D-41F2-A312-2568C2576D9A}.Release|Any CPU.ActiveCfg = Release|Any CPU
		{E2AE69CF-315D-41F2-A312-2568C2576D9A}.Release|Any CPU.Build.0 = Release|Any CPU
		{61F6BC46-38BC-4A57-AF03-7EB0EB8790FA}.Debug|Any CPU.ActiveCfg = Debug|Any CPU
		{61F6BC46-38BC-4A57-AF03-7EB0EB8790FA}.Debug|Any CPU.Build.0 = Debug|Any CPU
		{61F6BC46-38BC-4A57-AF03-7EB0EB8790FA}.Release|Any CPU.ActiveCfg = Release|Any CPU
		{61F6BC46-38BC-4A57-AF03-7EB0EB8790FA}.Release|Any CPU.Build.0 = Release|Any CPU
		{DEDBF727-3932-453F-8A7A-9962E585A4F2}.Debug|Any CPU.ActiveCfg = Debug|Any CPU
		{DEDBF727-3932-453F-8A7A-9962E585A4F2}.Debug|Any CPU.Build.0 = Debug|Any CPU
		{DEDBF727-3932-453F-8A7A-9962E585A4F2}.Release|Any CPU.ActiveCfg = Release|Any CPU
		{DEDBF727-3932-453F-8A7A-9962E585A4F2}.Release|Any CPU.Build.0 = Release|Any CPU
	EndGlobalSection
	GlobalSection(SolutionProperties) = preSolution
		HideSolutionNode = FALSE
	EndGlobalSection
EndGlobal
